// !$*UTF8*$!
{
	archiveVersion = 1;
	classes = {
	};
	objectVersion = 45;
	objects = {

/* Begin PBXBuildFile section */
		1D3623260D0F684500981E51 /* ChineseCalAppDelegate.m in Sources */ = {isa = PBXBuildFile; fileRef = 1D3623250D0F684500981E51 /* ChineseCalAppDelegate.m */; };
		1D60589B0D05DD56006BFB54 /* main.m in Sources */ = {isa = PBXBuildFile; fileRef = 29B97316FDCFA39411CA2CEA /* main.m */; };
		1D60589F0D05DD5A006BFB54 /* Foundation.framework in Frameworks */ = {isa = PBXBuildFile; fileRef = 1D30AB110D05D00D00671497 /* Foundation.framework */; };
		1DF5F4E00D08C38300B7A737 /* UIKit.framework in Frameworks */ = {isa = PBXBuildFile; fileRef = 1DF5F4DF0D08C38300B7A737 /* UIKit.framework */; };
		288765FD0DF74451002DB57D /* CoreGraphics.framework in Frameworks */ = {isa = PBXBuildFile; fileRef = 288765FC0DF74451002DB57D /* CoreGraphics.framework */; };
		28AD733F0D9D9553002E5188 /* MainWindow.xib in Resources */ = {isa = PBXBuildFile; fileRef = 28AD733E0D9D9553002E5188 /* MainWindow.xib */; };
		DA04A54312C921440061BDB4 /* GDataXMLNode.m in Sources */ = {isa = PBXBuildFile; fileRef = DA04A54212C921440061BDB4 /* GDataXMLNode.m */; };
		DA2006D712CBA8B500EC150E /* InfoView.xib in Resources */ = {isa = PBXBuildFile; fileRef = DA2006D612CBA8B500EC150E /* InfoView.xib */; };
		DA2006DA12CBA8CF00EC150E /* InfoViewController.m in Sources */ = {isa = PBXBuildFile; fileRef = DA2006D912CBA8CF00EC150E /* InfoViewController.m */; };
		DA3A532212EFB13E00135E39 /* Icon.png in Resources */ = {isa = PBXBuildFile; fileRef = DA3A532112EFB13E00135E39 /* Icon.png */; };
		DA40D22D12D2CC1D008F6B74 /* WeeklyCalendarCell.m in Sources */ = {isa = PBXBuildFile; fileRef = DA40D22C12D2CC1D008F6B74 /* WeeklyCalendarCell.m */; };
		DA49C6FC12C7D9A40092DE2E /* CalendarViewController.m in Sources */ = {isa = PBXBuildFile; fileRef = DA49C6FB12C7D9A40092DE2E /* CalendarViewController.m */; };
		DA49C6FE12C7D9C10092DE2E /* CalendarView.xib in Resources */ = {isa = PBXBuildFile; fileRef = DA49C6FD12C7D9C10092DE2E /* CalendarView.xib */; };
		DA559B9712CA689700C1B4B4 /* CalendarCell.m in Sources */ = {isa = PBXBuildFile; fileRef = DA559B9612CA689700C1B4B4 /* CalendarCell.m */; };
		DA559BA012CA6A8100C1B4B4 /* DefaultCalendarCell.xib in Resources */ = {isa = PBXBuildFile; fileRef = DA559B9F12CA6A8100C1B4B4 /* DefaultCalendarCell.xib */; };
		DA5F385012DE076A009B32D3 /* ccal.1 in Resources */ = {isa = PBXBuildFile; fileRef = DA5F382D12DE076A009B32D3 /* ccal.1 */; };
		DA5F385112DE076A009B32D3 /* ccal.cpp in Sources */ = {isa = PBXBuildFile; fileRef = DA5F382E12DE076A009B32D3 /* ccal.cpp */; };
		DA5F385212DE076A009B32D3 /* ccalhtm.xsl in Resources */ = {isa = PBXBuildFile; fileRef = DA5F382F12DE076A009B32D3 /* ccalhtm.xsl */; };
		DA5F385312DE076A009B32D3 /* ccalpdf in Resources */ = {isa = PBXBuildFile; fileRef = DA5F383012DE076A009B32D3 /* ccalpdf */; };
		DA5F385412DE076A009B32D3 /* ccalpdf.1 in Resources */ = {isa = PBXBuildFile; fileRef = DA5F383112DE076A009B32D3 /* ccalpdf.1 */; };
		DA5F385512DE076A009B32D3 /* ChangeLog in Resources */ = {isa = PBXBuildFile; fileRef = DA5F383212DE076A009B32D3 /* ChangeLog */; };
		DA5F385612DE076A009B32D3 /* COPYING in Resources */ = {isa = PBXBuildFile; fileRef = DA5F383312DE076A009B32D3 /* COPYING */; };
		DA5F385712DE076A009B32D3 /* COPYING.LESSER in Resources */ = {isa = PBXBuildFile; fileRef = DA5F383412DE076A009B32D3 /* COPYING.LESSER */; };
		DA5F385812DE076A009B32D3 /* htmlmonth.cpp in Sources */ = {isa = PBXBuildFile; fileRef = DA5F383512DE076A009B32D3 /* htmlmonth.cpp */; };
		DA5F385912DE076A009B32D3 /* lunaryear.cpp in Sources */ = {isa = PBXBuildFile; fileRef = DA5F383712DE076A009B32D3 /* lunaryear.cpp */; };
		DA5F385A12DE076A009B32D3 /* Makefile in Sources */ = {isa = PBXBuildFile; fileRef = DA5F383912DE076A009B32D3 /* Makefile */; };
		DA5F385B12DE076A009B32D3 /* misc.cpp in Sources */ = {isa = PBXBuildFile; fileRef = DA5F383A12DE076A009B32D3 /* misc.cpp */; };
		DA5F385C12DE076A009B32D3 /* mkinstalldirs in Resources */ = {isa = PBXBuildFile; fileRef = DA5F383B12DE076A009B32D3 /* mkinstalldirs */; };
		DA5F385D12DE076A009B32D3 /* moonphase.cpp in Sources */ = {isa = PBXBuildFile; fileRef = DA5F383D12DE076A009B32D3 /* moonphase.cpp */; };
		DA5F385E12DE076A009B32D3 /* mphases.cpp in Sources */ = {isa = PBXBuildFile; fileRef = DA5F383E12DE076A009B32D3 /* mphases.cpp */; };
		DA5F385F12DE076A009B32D3 /* novas.cpp in Sources */ = {isa = PBXBuildFile; fileRef = DA5F384012DE076A009B32D3 /* novas.cpp */; };
		DA5F386012DE076A009B32D3 /* novascon.cpp in Sources */ = {isa = PBXBuildFile; fileRef = DA5F384212DE076A009B32D3 /* novascon.cpp */; };
		DA5F386112DE076A009B32D3 /* psmonth.cpp in Sources */ = {isa = PBXBuildFile; fileRef = DA5F384412DE076A009B32D3 /* psmonth.cpp */; };
		DA5F386212DE076A009B32D3 /* README in Resources */ = {isa = PBXBuildFile; fileRef = DA5F384612DE076A009B32D3 /* README */; };
		DA5F386312DE076A009B32D3 /* solarterm.cpp in Sources */ = {isa = PBXBuildFile; fileRef = DA5F384812DE076A009B32D3 /* solarterm.cpp */; };
		DA5F386412DE076A009B32D3 /* solsys3.cpp in Sources */ = {isa = PBXBuildFile; fileRef = DA5F384A12DE076A009B32D3 /* solsys3.cpp */; };
		DA5F386512DE076A009B32D3 /* tt2ut.cpp in Sources */ = {isa = PBXBuildFile; fileRef = DA5F384B12DE076A009B32D3 /* tt2ut.cpp */; };
		DA5F386612DE076A009B32D3 /* yearcache.cpp in Sources */ = {isa = PBXBuildFile; fileRef = DA5F384E12DE076A009B32D3 /* yearcache.cpp */; };
		DA81558F12CFB53400C2C149 /* LSInfoView.xib in Resources */ = {isa = PBXBuildFile; fileRef = DA81558E12CFB53400C2C149 /* LSInfoView.xib */; };
		DA81561B12D036AA00C2C149 /* CalendarYear.mm in Sources */ = {isa = PBXBuildFile; fileRef = DA81561A12D036AA00C2C149 /* CalendarYear.mm */; };
		DA857E9B12CD9D64006B87CE /* appIcon.png in Resources */ = {isa = PBXBuildFile; fileRef = DA857E9912CD9D64006B87CE /* appIcon.png */; };
		DA857E9C12CD9D64006B87CE /* appIcon@2x.png in Resources */ = {isa = PBXBuildFile; fileRef = DA857E9A12CD9D64006B87CE /* appIcon@2x.png */; };
		DA96248112CF80B0004B1A6D /* LSCalendarViewController.m in Sources */ = {isa = PBXBuildFile; fileRef = DA96248012CF80B0004B1A6D /* LSCalendarViewController.m */; };
		DA96248312CF80C3004B1A6D /* LSCalendarView.xib in Resources */ = {isa = PBXBuildFile; fileRef = DA96248212CF80C3004B1A6D /* LSCalendarView.xib */; };
		DA9E872012C6E9BE00085D01 /* RootViewController.m in Sources */ = {isa = PBXBuildFile; fileRef = DA9E871F12C6E9BE00085D01 /* RootViewController.m */; };
		DAACB1D912DE217700FA265E /* ChineseCal-Info.plist in Resources */ = {isa = PBXBuildFile; fileRef = DAACB1D812DE217700FA265E /* ChineseCal-Info.plist */; };
/* End PBXBuildFile section */

/* Begin PBXFileReference section */
		1D30AB110D05D00D00671497 /* Foundation.framework */ = {isa = PBXFileReference; lastKnownFileType = wrapper.framework; name = Foundation.framework; path = System/Library/Frameworks/Foundation.framework; sourceTree = SDKROOT; };
		1D3623240D0F684500981E51 /* ChineseCalAppDelegate.h */ = {isa = PBXFileReference; fileEncoding = 4; lastKnownFileType = sourcecode.c.h; path = ChineseCalAppDelegate.h; sourceTree = "<group>"; };
		1D3623250D0F684500981E51 /* ChineseCalAppDelegate.m */ = {isa = PBXFileReference; fileEncoding = 4; lastKnownFileType = sourcecode.c.objc; path = ChineseCalAppDelegate.m; sourceTree = "<group>"; };
		1D6058910D05DD3D006BFB54 /* ChineseCal.app */ = {isa = PBXFileReference; explicitFileType = wrapper.application; includeInIndex = 0; path = ChineseCal.app; sourceTree = BUILT_PRODUCTS_DIR; };
		1DF5F4DF0D08C38300B7A737 /* UIKit.framework */ = {isa = PBXFileReference; lastKnownFileType = wrapper.framework; name = UIKit.framework; path = System/Library/Frameworks/UIKit.framework; sourceTree = SDKROOT; };
		288765FC0DF74451002DB57D /* CoreGraphics.framework */ = {isa = PBXFileReference; lastKnownFileType = wrapper.framework; name = CoreGraphics.framework; path = System/Library/Frameworks/CoreGraphics.framework; sourceTree = SDKROOT; };
		28AD733E0D9D9553002E5188 /* MainWindow.xib */ = {isa = PBXFileReference; lastKnownFileType = file.xib; path = MainWindow.xib; sourceTree = "<group>"; };
		29B97316FDCFA39411CA2CEA /* main.m */ = {isa = PBXFileReference; fileEncoding = 4; lastKnownFileType = sourcecode.c.objc; path = main.m; sourceTree = "<group>"; };
		32CA4F630368D1EE00C91783 /* ChineseCal_Prefix.pch */ = {isa = PBXFileReference; fileEncoding = 4; lastKnownFileType = sourcecode.c.h; path = ChineseCal_Prefix.pch; sourceTree = "<group>"; };
		DA04A54112C921440061BDB4 /* GDataXMLNode.h */ = {isa = PBXFileReference; fileEncoding = 4; lastKnownFileType = sourcecode.c.h; path = GDataXMLNode.h; sourceTree = "<group>"; };
		DA04A54212C921440061BDB4 /* GDataXMLNode.m */ = {isa = PBXFileReference; fileEncoding = 4; lastKnownFileType = sourcecode.c.objc; path = GDataXMLNode.m; sourceTree = "<group>"; };
		DA2006D612CBA8B500EC150E /* InfoView.xib */ = {isa = PBXFileReference; lastKnownFileType = file.xib; path = InfoView.xib; sourceTree = "<group>"; };
		DA2006D812CBA8CF00EC150E /* InfoViewController.h */ = {isa = PBXFileReference; fileEncoding = 4; lastKnownFileType = sourcecode.c.h; path = InfoViewController.h; sourceTree = "<group>"; };
		DA2006D912CBA8CF00EC150E /* InfoViewController.m */ = {isa = PBXFileReference; fileEncoding = 4; lastKnownFileType = sourcecode.c.objc; path = InfoViewController.m; sourceTree = "<group>"; };
		DA3A532112EFB13E00135E39 /* Icon.png */ = {isa = PBXFileReference; lastKnownFileType = image.png; path = Icon.png; sourceTree = "<group>"; };
		DA40D22B12D2CC1D008F6B74 /* WeeklyCalendarCell.h */ = {isa = PBXFileReference; fileEncoding = 4; lastKnownFileType = sourcecode.c.h; path = WeeklyCalendarCell.h; sourceTree = "<group>"; };
		DA40D22C12D2CC1D008F6B74 /* WeeklyCalendarCell.m */ = {isa = PBXFileReference; fileEncoding = 4; lastKnownFileType = sourcecode.c.objc; path = WeeklyCalendarCell.m; sourceTree = "<group>"; };
		DA49C6FA12C7D9A40092DE2E /* CalendarViewController.h */ = {isa = PBXFileReference; fileEncoding = 4; lastKnownFileType = sourcecode.c.h; path = CalendarViewController.h; sourceTree = "<group>"; };
		DA49C6FB12C7D9A40092DE2E /* CalendarViewController.m */ = {isa = PBXFileReference; fileEncoding = 4; lastKnownFileType = sourcecode.c.objc; path = CalendarViewController.m; sourceTree = "<group>"; };
		DA49C6FD12C7D9C10092DE2E /* CalendarView.xib */ = {isa = PBXFileReference; lastKnownFileType = file.xib; path = CalendarView.xib; sourceTree = "<group>"; };
		DA559B9512CA689700C1B4B4 /* CalendarCell.h */ = {isa = PBXFileReference; fileEncoding = 4; lastKnownFileType = sourcecode.c.h; path = CalendarCell.h; sourceTree = "<group>"; };
		DA559B9612CA689700C1B4B4 /* CalendarCell.m */ = {isa = PBXFileReference; fileEncoding = 4; lastKnownFileType = sourcecode.c.objc; path = CalendarCell.m; sourceTree = "<group>"; };
		DA559B9F12CA6A8100C1B4B4 /* DefaultCalendarCell.xib */ = {isa = PBXFileReference; lastKnownFileType = file.xib; path = DefaultCalendarCell.xib; sourceTree = "<group>"; };
		DA5F382D12DE076A009B32D3 /* ccal.1 */ = {isa = PBXFileReference; fileEncoding = 4; lastKnownFileType = text.man; path = ccal.1; sourceTree = "<group>"; };
		DA5F382E12DE076A009B32D3 /* ccal.cpp */ = {isa = PBXFileReference; fileEncoding = 4; lastKnownFileType = sourcecode.cpp.cpp; path = ccal.cpp; sourceTree = "<group>"; };
		DA5F382F12DE076A009B32D3 /* ccalhtm.xsl */ = {isa = PBXFileReference; fileEncoding = 4; lastKnownFileType = text.xml; path = ccalhtm.xsl; sourceTree = "<group>"; };
		DA5F383012DE076A009B32D3 /* ccalpdf */ = {isa = PBXFileReference; fileEncoding = 4; lastKnownFileType = text.script.sh; path = ccalpdf; sourceTree = "<group>"; };
		DA5F383112DE076A009B32D3 /* ccalpdf.1 */ = {isa = PBXFileReference; fileEncoding = 4; lastKnownFileType = text.man; path = ccalpdf.1; sourceTree = "<group>"; };
		DA5F383212DE076A009B32D3 /* ChangeLog */ = {isa = PBXFileReference; fileEncoding = 4; lastKnownFileType = text; path = ChangeLog; sourceTree = "<group>"; };
		DA5F383312DE076A009B32D3 /* COPYING */ = {isa = PBXFileReference; fileEncoding = 4; lastKnownFileType = text; path = COPYING; sourceTree = "<group>"; };
		DA5F383412DE076A009B32D3 /* COPYING.LESSER */ = {isa = PBXFileReference; fileEncoding = 4; lastKnownFileType = text; path = COPYING.LESSER; sourceTree = "<group>"; };
		DA5F383512DE076A009B32D3 /* htmlmonth.cpp */ = {isa = PBXFileReference; fileEncoding = 4; lastKnownFileType = sourcecode.cpp.cpp; path = htmlmonth.cpp; sourceTree = "<group>"; };
		DA5F383612DE076A009B32D3 /* htmlmonth.h */ = {isa = PBXFileReference; fileEncoding = 4; lastKnownFileType = sourcecode.c.h; path = htmlmonth.h; sourceTree = "<group>"; };
		DA5F383712DE076A009B32D3 /* lunaryear.cpp */ = {isa = PBXFileReference; fileEncoding = 4; lastKnownFileType = sourcecode.cpp.cpp; path = lunaryear.cpp; sourceTree = "<group>"; };
		DA5F383812DE076A009B32D3 /* lunaryear.h */ = {isa = PBXFileReference; fileEncoding = 4; lastKnownFileType = sourcecode.c.h; path = lunaryear.h; sourceTree = "<group>"; };
		DA5F383912DE076A009B32D3 /* Makefile */ = {isa = PBXFileReference; fileEncoding = 4; lastKnownFileType = sourcecode.make; path = Makefile; sourceTree = "<group>"; };
		DA5F383A12DE076A009B32D3 /* misc.cpp */ = {isa = PBXFileReference; fileEncoding = 4; lastKnownFileType = sourcecode.cpp.cpp; path = misc.cpp; sourceTree = "<group>"; };
		DA5F383B12DE076A009B32D3 /* mkinstalldirs */ = {isa = PBXFileReference; fileEncoding = 4; lastKnownFileType = text.script.sh; path = mkinstalldirs; sourceTree = "<group>"; };
		DA5F383C12DE076A009B32D3 /* moon.h */ = {isa = PBXFileReference; fileEncoding = 4; lastKnownFileType = sourcecode.c.h; path = moon.h; sourceTree = "<group>"; };
		DA5F383D12DE076A009B32D3 /* moonphase.cpp */ = {isa = PBXFileReference; fileEncoding = 4; lastKnownFileType = sourcecode.cpp.cpp; path = moonphase.cpp; sourceTree = "<group>"; };
		DA5F383E12DE076A009B32D3 /* mphases.cpp */ = {isa = PBXFileReference; fileEncoding = 4; lastKnownFileType = sourcecode.cpp.cpp; path = mphases.cpp; sourceTree = "<group>"; };
		DA5F383F12DE076A009B32D3 /* mphases.h */ = {isa = PBXFileReference; fileEncoding = 4; lastKnownFileType = sourcecode.c.h; path = mphases.h; sourceTree = "<group>"; };
		DA5F384012DE076A009B32D3 /* novas.cpp */ = {isa = PBXFileReference; fileEncoding = 4; lastKnownFileType = sourcecode.cpp.cpp; path = novas.cpp; sourceTree = "<group>"; };
		DA5F384112DE076A009B32D3 /* novas.h */ = {isa = PBXFileReference; fileEncoding = 4; lastKnownFileType = sourcecode.c.h; path = novas.h; sourceTree = "<group>"; };
		DA5F384212DE076A009B32D3 /* novascon.cpp */ = {isa = PBXFileReference; fileEncoding = 4; lastKnownFileType = sourcecode.cpp.cpp; path = novascon.cpp; sourceTree = "<group>"; };
		DA5F384312DE076A009B32D3 /* novascon.h */ = {isa = PBXFileReference; fileEncoding = 4; lastKnownFileType = sourcecode.c.h; path = novascon.h; sourceTree = "<group>"; };
		DA5F384412DE076A009B32D3 /* psmonth.cpp */ = {isa = PBXFileReference; fileEncoding = 4; lastKnownFileType = sourcecode.cpp.cpp; path = psmonth.cpp; sourceTree = "<group>"; };
		DA5F384512DE076A009B32D3 /* psmonth.h */ = {isa = PBXFileReference; fileEncoding = 4; lastKnownFileType = sourcecode.c.h; path = psmonth.h; sourceTree = "<group>"; };
		DA5F384612DE076A009B32D3 /* README */ = {isa = PBXFileReference; fileEncoding = 4; lastKnownFileType = text; path = README; sourceTree = "<group>"; };
		DA5F384712DE076A009B32D3 /* solarsystem.h */ = {isa = PBXFileReference; fileEncoding = 4; lastKnownFileType = sourcecode.c.h; path = solarsystem.h; sourceTree = "<group>"; };
		DA5F384812DE076A009B32D3 /* solarterm.cpp */ = {isa = PBXFileReference; fileEncoding = 4; lastKnownFileType = sourcecode.cpp.cpp; path = solarterm.cpp; sourceTree = "<group>"; };
		DA5F384912DE076A009B32D3 /* solarterm.h */ = {isa = PBXFileReference; fileEncoding = 4; lastKnownFileType = sourcecode.c.h; path = solarterm.h; sourceTree = "<group>"; };
		DA5F384A12DE076A009B32D3 /* solsys3.cpp */ = {isa = PBXFileReference; fileEncoding = 4; lastKnownFileType = sourcecode.cpp.cpp; path = solsys3.cpp; sourceTree = "<group>"; };
		DA5F384B12DE076A009B32D3 /* tt2ut.cpp */ = {isa = PBXFileReference; fileEncoding = 4; lastKnownFileType = sourcecode.cpp.cpp; path = tt2ut.cpp; sourceTree = "<group>"; };
		DA5F384C12DE076A009B32D3 /* tt2ut.h */ = {isa = PBXFileReference; fileEncoding = 4; lastKnownFileType = sourcecode.c.h; path = tt2ut.h; sourceTree = "<group>"; };
		DA5F384D12DE076A009B32D3 /* verstr.h */ = {isa = PBXFileReference; fileEncoding = 4; lastKnownFileType = sourcecode.c.h; path = verstr.h; sourceTree = "<group>"; };
		DA5F384E12DE076A009B32D3 /* yearcache.cpp */ = {isa = PBXFileReference; fileEncoding = 4; lastKnownFileType = sourcecode.cpp.cpp; path = yearcache.cpp; sourceTree = "<group>"; };
		DA5F384F12DE076A009B32D3 /* yearcache.h */ = {isa = PBXFileReference; fileEncoding = 4; lastKnownFileType = sourcecode.c.h; path = yearcache.h; sourceTree = "<group>"; };
		DA5F387A12DE07DE009B32D3 /* ccal.h */ = {isa = PBXFileReference; fileEncoding = 4; lastKnownFileType = sourcecode.c.h; path = ccal.h; sourceTree = "<group>"; };
		DA81558E12CFB53400C2C149 /* LSInfoView.xib */ = {isa = PBXFileReference; lastKnownFileType = file.xib; path = LSInfoView.xib; sourceTree = "<group>"; };
		DA81561912D036AA00C2C149 /* CalendarYear.h */ = {isa = PBXFileReference; fileEncoding = 4; lastKnownFileType = sourcecode.c.h; path = CalendarYear.h; sourceTree = "<group>"; };
		DA81561A12D036AA00C2C149 /* CalendarYear.mm */ = {isa = PBXFileReference; fileEncoding = 4; lastKnownFileType = sourcecode.cpp.objcpp; path = CalendarYear.mm; sourceTree = "<group>"; };
		DA857E9912CD9D64006B87CE /* appIcon.png */ = {isa = PBXFileReference; lastKnownFileType = image.png; path = appIcon.png; sourceTree = "<group>"; };
		DA857E9A12CD9D64006B87CE /* appIcon@2x.png */ = {isa = PBXFileReference; lastKnownFileType = image.png; path = "appIcon@2x.png"; sourceTree = "<group>"; };
		DA96247F12CF80B0004B1A6D /* LSCalendarViewController.h */ = {isa = PBXFileReference; fileEncoding = 4; lastKnownFileType = sourcecode.c.h; path = LSCalendarViewController.h; sourceTree = "<group>"; };
		DA96248012CF80B0004B1A6D /* LSCalendarViewController.m */ = {isa = PBXFileReference; fileEncoding = 4; lastKnownFileType = sourcecode.c.objc; path = LSCalendarViewController.m; sourceTree = "<group>"; };
		DA96248212CF80C3004B1A6D /* LSCalendarView.xib */ = {isa = PBXFileReference; lastKnownFileType = file.xib; path = LSCalendarView.xib; sourceTree = "<group>"; };
		DA9E871E12C6E9BE00085D01 /* RootViewController.h */ = {isa = PBXFileReference; fileEncoding = 4; lastKnownFileType = sourcecode.c.h; path = RootViewController.h; sourceTree = "<group>"; };
		DA9E871F12C6E9BE00085D01 /* RootViewController.m */ = {isa = PBXFileReference; fileEncoding = 4; lastKnownFileType = sourcecode.c.objc; path = RootViewController.m; sourceTree = "<group>"; };
		DAACB1D812DE217700FA265E /* ChineseCal-Info.plist */ = {isa = PBXFileReference; fileEncoding = 4; lastKnownFileType = text.plist.xml; path = "ChineseCal-Info.plist"; sourceTree = SOURCE_ROOT; };
/* End PBXFileReference section */

/* Begin PBXFrameworksBuildPhase section */
		1D60588F0D05DD3D006BFB54 /* Frameworks */ = {
			isa = PBXFrameworksBuildPhase;
			buildActionMask = 2147483647;
			files = (
				1D60589F0D05DD5A006BFB54 /* Foundation.framework in Frameworks */,
				1DF5F4E00D08C38300B7A737 /* UIKit.framework in Frameworks */,
				288765FD0DF74451002DB57D /* CoreGraphics.framework in Frameworks */,
			);
			runOnlyForDeploymentPostprocessing = 0;
		};
/* End PBXFrameworksBuildPhase section */

/* Begin PBXGroup section */
		080E96DDFE201D6D7F000001 /* Classes */ = {
			isa = PBXGroup;
			children = (
				1D3623240D0F684500981E51 /* ChineseCalAppDelegate.h */,
				1D3623250D0F684500981E51 /* ChineseCalAppDelegate.m */,
				DA9E871E12C6E9BE00085D01 /* RootViewController.h */,
				DA9E871F12C6E9BE00085D01 /* RootViewController.m */,
				DA49C6FA12C7D9A40092DE2E /* CalendarViewController.h */,
				DA49C6FB12C7D9A40092DE2E /* CalendarViewController.m */,
				DA81561912D036AA00C2C149 /* CalendarYear.h */,
				DA81561A12D036AA00C2C149 /* CalendarYear.mm */,
				DA559B9512CA689700C1B4B4 /* CalendarCell.h */,
				DA559B9612CA689700C1B4B4 /* CalendarCell.m */,
				DA2006D812CBA8CF00EC150E /* InfoViewController.h */,
				DA2006D912CBA8CF00EC150E /* InfoViewController.m */,
				DA96247F12CF80B0004B1A6D /* LSCalendarViewController.h */,
				DA96248012CF80B0004B1A6D /* LSCalendarViewController.m */,
				DA40D22B12D2CC1D008F6B74 /* WeeklyCalendarCell.h */,
				DA40D22C12D2CC1D008F6B74 /* WeeklyCalendarCell.m */,
			);
			path = Classes;
			sourceTree = "<group>";
		};
		19C28FACFE9D520D11CA2CBB /* Products */ = {
			isa = PBXGroup;
			children = (
				1D6058910D05DD3D006BFB54 /* ChineseCal.app */,
			);
			name = Products;
			sourceTree = "<group>";
		};
		29B97314FDCFA39411CA2CEA /* CustomTemplate */ = {
			isa = PBXGroup;
			children = (
				DA5F382C12DE076A009B32D3 /* ccal-2.5.2 */,
				DA04A54012C921440061BDB4 /* gdata-xml */,
				080E96DDFE201D6D7F000001 /* Classes */,
				29B97317FDCFA39411CA2CEA /* Resources */,
				29B97323FDCFA39411CA2CEA /* Frameworks */,
				19C28FACFE9D520D11CA2CBB /* Products */,
				29B97315FDCFA39411CA2CEA /* Other Sources */,
			);
			name = CustomTemplate;
			sourceTree = "<group>";
		};
		29B97315FDCFA39411CA2CEA /* Other Sources */ = {
			isa = PBXGroup;
			children = (
				32CA4F630368D1EE00C91783 /* ChineseCal_Prefix.pch */,
				29B97316FDCFA39411CA2CEA /* main.m */,
			);
			name = "Other Sources";
			sourceTree = "<group>";
		};
		29B97317FDCFA39411CA2CEA /* Resources */ = {
			isa = PBXGroup;
			children = (
				DA3A532112EFB13E00135E39 /* Icon.png */,
				DAACB1D812DE217700FA265E /* ChineseCal-Info.plist */,
				DA857E9912CD9D64006B87CE /* appIcon.png */,
				DA857E9A12CD9D64006B87CE /* appIcon@2x.png */,
				28AD733E0D9D9553002E5188 /* MainWindow.xib */,
				DA49C6FD12C7D9C10092DE2E /* CalendarView.xib */,
				DA559B9F12CA6A8100C1B4B4 /* DefaultCalendarCell.xib */,
				DA2006D612CBA8B500EC150E /* InfoView.xib */,
				DA96248212CF80C3004B1A6D /* LSCalendarView.xib */,
				DA81558E12CFB53400C2C149 /* LSInfoView.xib */,
			);
			path = Resources;
			sourceTree = "<group>";
		};
		29B97323FDCFA39411CA2CEA /* Frameworks */ = {
			isa = PBXGroup;
			children = (
				1DF5F4DF0D08C38300B7A737 /* UIKit.framework */,
				1D30AB110D05D00D00671497 /* Foundation.framework */,
				288765FC0DF74451002DB57D /* CoreGraphics.framework */,
			);
			name = Frameworks;
			sourceTree = "<group>";
		};
		DA04A54012C921440061BDB4 /* gdata-xml */ = {
			isa = PBXGroup;
			children = (
				DA04A54112C921440061BDB4 /* GDataXMLNode.h */,
				DA04A54212C921440061BDB4 /* GDataXMLNode.m */,
			);
			path = "gdata-xml";
			sourceTree = "<group>";
		};
		DA5F382C12DE076A009B32D3 /* ccal-2.5.2 */ = {
			isa = PBXGroup;
			children = (
				DA5F382D12DE076A009B32D3 /* ccal.1 */,
				DA5F387A12DE07DE009B32D3 /* ccal.h */,
				DA5F382E12DE076A009B32D3 /* ccal.cpp */,
				DA5F382F12DE076A009B32D3 /* ccalhtm.xsl */,
				DA5F383012DE076A009B32D3 /* ccalpdf */,
				DA5F383112DE076A009B32D3 /* ccalpdf.1 */,
				DA5F383212DE076A009B32D3 /* ChangeLog */,
				DA5F383312DE076A009B32D3 /* COPYING */,
				DA5F383412DE076A009B32D3 /* COPYING.LESSER */,
				DA5F383512DE076A009B32D3 /* htmlmonth.cpp */,
				DA5F383612DE076A009B32D3 /* htmlmonth.h */,
				DA5F383712DE076A009B32D3 /* lunaryear.cpp */,
				DA5F383812DE076A009B32D3 /* lunaryear.h */,
				DA5F383912DE076A009B32D3 /* Makefile */,
				DA5F383A12DE076A009B32D3 /* misc.cpp */,
				DA5F383B12DE076A009B32D3 /* mkinstalldirs */,
				DA5F383C12DE076A009B32D3 /* moon.h */,
				DA5F383D12DE076A009B32D3 /* moonphase.cpp */,
				DA5F383E12DE076A009B32D3 /* mphases.cpp */,
				DA5F383F12DE076A009B32D3 /* mphases.h */,
				DA5F384012DE076A009B32D3 /* novas.cpp */,
				DA5F384112DE076A009B32D3 /* novas.h */,
				DA5F384212DE076A009B32D3 /* novascon.cpp */,
				DA5F384312DE076A009B32D3 /* novascon.h */,
				DA5F384412DE076A009B32D3 /* psmonth.cpp */,
				DA5F384512DE076A009B32D3 /* psmonth.h */,
				DA5F384612DE076A009B32D3 /* README */,
				DA5F384712DE076A009B32D3 /* solarsystem.h */,
				DA5F384812DE076A009B32D3 /* solarterm.cpp */,
				DA5F384912DE076A009B32D3 /* solarterm.h */,
				DA5F384A12DE076A009B32D3 /* solsys3.cpp */,
				DA5F384B12DE076A009B32D3 /* tt2ut.cpp */,
				DA5F384C12DE076A009B32D3 /* tt2ut.h */,
				DA5F384D12DE076A009B32D3 /* verstr.h */,
				DA5F384E12DE076A009B32D3 /* yearcache.cpp */,
				DA5F384F12DE076A009B32D3 /* yearcache.h */,
			);
			path = "ccal-2.5.2";
			sourceTree = "<group>";
		};
/* End PBXGroup section */

/* Begin PBXNativeTarget section */
		1D6058900D05DD3D006BFB54 /* ChineseCal */ = {
			isa = PBXNativeTarget;
			buildConfigurationList = 1D6058960D05DD3E006BFB54 /* Build configuration list for PBXNativeTarget "ChineseCal" */;
			buildPhases = (
				1D60588D0D05DD3D006BFB54 /* Resources */,
				1D60588E0D05DD3D006BFB54 /* Sources */,
				1D60588F0D05DD3D006BFB54 /* Frameworks */,
			);
			buildRules = (
			);
			dependencies = (
			);
			name = ChineseCal;
			productName = ChineseCal;
			productReference = 1D6058910D05DD3D006BFB54 /* ChineseCal.app */;
			productType = "com.apple.product-type.application";
		};
/* End PBXNativeTarget section */

/* Begin PBXProject section */
		29B97313FDCFA39411CA2CEA /* Project object */ = {
			isa = PBXProject;
			attributes = {
				ORGANIZATIONNAME = org.tanizar;
			};
			buildConfigurationList = C01FCF4E08A954540054247B /* Build configuration list for PBXProject "ChineseCal" */;
			compatibilityVersion = "Xcode 3.1";
			developmentRegion = English;
			hasScannedForEncodings = 1;
			knownRegions = (
				English,
				Japanese,
				French,
				German,
			);
			mainGroup = 29B97314FDCFA39411CA2CEA /* CustomTemplate */;
			projectDirPath = "";
			projectRoot = "";
			targets = (
				1D6058900D05DD3D006BFB54 /* ChineseCal */,
			);
		};
/* End PBXProject section */

/* Begin PBXResourcesBuildPhase section */
		1D60588D0D05DD3D006BFB54 /* Resources */ = {
			isa = PBXResourcesBuildPhase;
			buildActionMask = 2147483647;
			files = (
				28AD733F0D9D9553002E5188 /* MainWindow.xib in Resources */,
				DA49C6FE12C7D9C10092DE2E /* CalendarView.xib in Resources */,
				DA559BA012CA6A8100C1B4B4 /* DefaultCalendarCell.xib in Resources */,
				DA2006D712CBA8B500EC150E /* InfoView.xib in Resources */,
				DA857E9B12CD9D64006B87CE /* appIcon.png in Resources */,
				DA857E9C12CD9D64006B87CE /* appIcon@2x.png in Resources */,
				DA96248312CF80C3004B1A6D /* LSCalendarView.xib in Resources */,
				DA81558F12CFB53400C2C149 /* LSInfoView.xib in Resources */,
				DA5F385012DE076A009B32D3 /* ccal.1 in Resources */,
				DA5F385212DE076A009B32D3 /* ccalhtm.xsl in Resources */,
				DA5F385312DE076A009B32D3 /* ccalpdf in Resources */,
				DA5F385412DE076A009B32D3 /* ccalpdf.1 in Resources */,
				DA5F385512DE076A009B32D3 /* ChangeLog in Resources */,
				DA5F385612DE076A009B32D3 /* COPYING in Resources */,
				DA5F385712DE076A009B32D3 /* COPYING.LESSER in Resources */,
				DA5F385C12DE076A009B32D3 /* mkinstalldirs in Resources */,
				DA5F386212DE076A009B32D3 /* README in Resources */,
				DAACB1D912DE217700FA265E /* ChineseCal-Info.plist in Resources */,
				DA3A532212EFB13E00135E39 /* Icon.png in Resources */,
			);
			runOnlyForDeploymentPostprocessing = 0;
		};
/* End PBXResourcesBuildPhase section */

/* Begin PBXSourcesBuildPhase section */
		1D60588E0D05DD3D006BFB54 /* Sources */ = {
			isa = PBXSourcesBuildPhase;
			buildActionMask = 2147483647;
			files = (
				1D60589B0D05DD56006BFB54 /* main.m in Sources */,
				1D3623260D0F684500981E51 /* ChineseCalAppDelegate.m in Sources */,
				DA9E872012C6E9BE00085D01 /* RootViewController.m in Sources */,
				DA49C6FC12C7D9A40092DE2E /* CalendarViewController.m in Sources */,
				DA04A54312C921440061BDB4 /* GDataXMLNode.m in Sources */,
				DA559B9712CA689700C1B4B4 /* CalendarCell.m in Sources */,
				DA2006DA12CBA8CF00EC150E /* InfoViewController.m in Sources */,
				DA96248112CF80B0004B1A6D /* LSCalendarViewController.m in Sources */,
				DA81561B12D036AA00C2C149 /* CalendarYear.mm in Sources */,
				DA40D22D12D2CC1D008F6B74 /* WeeklyCalendarCell.m in Sources */,
				DA5F385112DE076A009B32D3 /* ccal.cpp in Sources */,
				DA5F385812DE076A009B32D3 /* htmlmonth.cpp in Sources */,
				DA5F385912DE076A009B32D3 /* lunaryear.cpp in Sources */,
				DA5F385A12DE076A009B32D3 /* Makefile in Sources */,
				DA5F385B12DE076A009B32D3 /* misc.cpp in Sources */,
				DA5F385D12DE076A009B32D3 /* moonphase.cpp in Sources */,
				DA5F385E12DE076A009B32D3 /* mphases.cpp in Sources */,
				DA5F385F12DE076A009B32D3 /* novas.cpp in Sources */,
				DA5F386012DE076A009B32D3 /* novascon.cpp in Sources */,
				DA5F386112DE076A009B32D3 /* psmonth.cpp in Sources */,
				DA5F386312DE076A009B32D3 /* solarterm.cpp in Sources */,
				DA5F386412DE076A009B32D3 /* solsys3.cpp in Sources */,
				DA5F386512DE076A009B32D3 /* tt2ut.cpp in Sources */,
				DA5F386612DE076A009B32D3 /* yearcache.cpp in Sources */,
			);
			runOnlyForDeploymentPostprocessing = 0;
		};
/* End PBXSourcesBuildPhase section */

/* Begin XCBuildConfiguration section */
		1D6058940D05DD3E006BFB54 /* Debug */ = {
			isa = XCBuildConfiguration;
			buildSettings = {
				ALWAYS_SEARCH_USER_PATHS = NO;
				COPY_PHASE_STRIP = NO;
				GCC_DYNAMIC_NO_PIC = NO;
				GCC_OPTIMIZATION_LEVEL = 0;
				GCC_PRECOMPILE_PREFIX_HEADER = YES;
				GCC_PREFIX_HEADER = ChineseCal_Prefix.pch;
				INFOPLIST_FILE = "ChineseCal-Info.plist";
				PRODUCT_NAME = ChineseCal;
			};
			name = Debug;
		};
		1D6058950D05DD3E006BFB54 /* Release */ = {
			isa = XCBuildConfiguration;
			buildSettings = {
				ALWAYS_SEARCH_USER_PATHS = NO;
				"CODE_SIGN_IDENTITY[sdk=iphoneos*]" = "iPhone Developer";
				COPY_PHASE_STRIP = YES;
				GCC_PRECOMPILE_PREFIX_HEADER = YES;
				GCC_PREFIX_HEADER = ChineseCal_Prefix.pch;
				INFOPLIST_FILE = "ChineseCal-Info.plist";
				PRODUCT_NAME = ChineseCal;
				"PROVISIONING_PROFILE[sdk=iphoneos*]" = "";
				VALIDATE_PRODUCT = YES;
			};
			name = Release;
		};
		C01FCF4F08A954540054247B /* Debug */ = {
			isa = XCBuildConfiguration;
			buildSettings = {
				ARCHS = "$(ARCHS_STANDARD_32_BIT)";
				"CODE_SIGN_IDENTITY[sdk=iphoneos*]" = "iPhone Developer";
				GCC_C_LANGUAGE_STANDARD = c99;
				GCC_PREPROCESSOR_DEFINITIONS = "DEBUG_MODE=1";
				GCC_WARN_ABOUT_RETURN_TYPE = YES;
				GCC_WARN_UNUSED_VARIABLE = YES;
				HEADER_SEARCH_PATHS = /usr/include/libxml2;
				OTHER_LDFLAGS = "-lxml2";
				PREBINDING = NO;
				SDKROOT = iphoneos;
			};
			name = Debug;
		};
		C01FCF5008A954540054247B /* Release */ = {
			isa = XCBuildConfiguration;
			buildSettings = {
				ARCHS = "$(ARCHS_STANDARD_32_BIT)";
				CODE_SIGN_IDENTITY = "Don't Code Sign";
				"CODE_SIGN_IDENTITY[sdk=iphoneos*]" = "Don't Code Sign";
				GCC_C_LANGUAGE_STANDARD = c99;
				GCC_WARN_ABOUT_RETURN_TYPE = YES;
				GCC_WARN_UNUSED_VARIABLE = YES;
				HEADER_SEARCH_PATHS = /usr/include/libxml2;
				OTHER_CFLAGS = "-DNS_BLOCK_ASSERTIONS=1";
				OTHER_LDFLAGS = "-lxml2";
				PREBINDING = NO;
				PROVISIONING_PROFILE = "";
				"PROVISIONING_PROFILE[sdk=iphoneos*]" = "";
				SDKROOT = iphoneos;
			};
			name = Release;
		};
		DAA5D2BE12DFF34200269F9F /* Distribution */ = {
			isa = XCBuildConfiguration;
			buildSettings = {
				ARCHS = "$(ARCHS_STANDARD_32_BIT)";
				CODE_SIGN_IDENTITY = "iPhone Distribution: edwin tanizar";
				"CODE_SIGN_IDENTITY[sdk=iphoneos*]" = "iPhone Distribution: edwin tanizar";
				GCC_C_LANGUAGE_STANDARD = c99;
				GCC_WARN_ABOUT_RETURN_TYPE = YES;
				GCC_WARN_UNUSED_VARIABLE = YES;
				HEADER_SEARCH_PATHS = /usr/include/libxml2;
				IPHONEOS_DEPLOYMENT_TARGET = 3.0;
				OTHER_CFLAGS = "-DNS_BLOCK_ASSERTIONS=1";
				OTHER_LDFLAGS = "-lxml2";
				PREBINDING = NO;
				PROVISIONING_PROFILE = "46074618-5C32-44E3-A69D-5DB24CCA3EE5";
				"PROVISIONING_PROFILE[sdk=iphoneos*]" = "46074618-5C32-44E3-A69D-5DB24CCA3EE5";
				SDKROOT = iphoneos;
			};
			name = Distribution;
		};
		DAA5D2BF12DFF34200269F9F /* Distribution */ = {
			isa = XCBuildConfiguration;
			buildSettings = {
				ALWAYS_SEARCH_USER_PATHS = NO;
				"CODE_SIGN_IDENTITY[sdk=iphoneos*]" = "iPhone Distribution: edwin tanizar";
				COPY_PHASE_STRIP = YES;
				GCC_PRECOMPILE_PREFIX_HEADER = YES;
				GCC_PREFIX_HEADER = ChineseCal_Prefix.pch;
				INFOPLIST_FILE = "ChineseCal-Info.plist";
				PRODUCT_NAME = ChineseCal;
				"PROVISIONING_PROFILE[sdk=iphoneos*]" = "";
				VALIDATE_PRODUCT = YES;
			};
			name = Distribution;
		};
/* End XCBuildConfiguration section */

/* Begin XCConfigurationList section */
		1D6058960D05DD3E006BFB54 /* Build configuration list for PBXNativeTarget "ChineseCal" */ = {
			isa = XCConfigurationList;
			buildConfigurations = (
				1D6058940D05DD3E006BFB54 /* Debug */,
				1D6058950D05DD3E006BFB54 /* Release */,
				DAA5D2BF12DFF34200269F9F /* Distribution */,
			);
			defaultConfigurationIsVisible = 0;
			defaultConfigurationName = Release;
		};
		C01FCF4E08A954540054247B /* Build configuration list for PBXProject "ChineseCal" */ = {
			isa = XCConfigurationList;
			buildConfigurations = (
				C01FCF4F08A954540054247B /* Debug */,
				C01FCF5008A954540054247B /* Release */,
				DAA5D2BE12DFF34200269F9F /* Distribution */,
			);
			defaultConfigurationIsVisible = 0;
			defaultConfigurationName = Release;
		};
/* End XCConfigurationList section */
	};
	rootObject = 29B97313FDCFA39411CA2CEA /* Project object */;
}
